schema: '2.0'
stages:
  clean-data:
    cmd: python3 scripts/data_scripts/clean_data.py data/raw/cars.csv
    deps:
    - path: data/raw/cars.csv
      hash: md5
      md5: b4ee52d5639362780e2db8592eef4ac7
      size: 2699244
    - path: scripts/data_scripts/clean_data.py
      hash: md5
      md5: ada171d9ca65305833f01d283328988e
      size: 2601
    outs:
    - path: data/stage1
      hash: md5
      md5: b9f25c1eb8b23f7cf70015811dd43399.dir
      size: 2133971
      nfiles: 1
  get-features:
    cmd: python3 scripts/data_scripts/get_features.py data/stage1/cars.csv
    deps:
    - path: data/stage1/cars.csv
      hash: md5
      md5: cdf3fbcad775615beead1eca3ca7307d
      size: 2133971
    - path: scripts/data_scripts/get_features.py
      hash: md5
      md5: 0e9fe32351e6e94aff7396f9f5d8c723
      size: 1185
    outs:
    - path: data/stage2
      hash: md5
      md5: 75375c89c288ffa99b0957d2f032e05f.dir
      size: 1356070
      nfiles: 1
  split:
    cmd: python3 scripts/data_scripts/train_test_split.py data/stage2/cars.csv
    deps:
    - path: data/stage2/cars.csv
      hash: md5
      md5: abb3e08afa6e556f88d053f390d5eea6
      size: 1356070
    - path: scripts/data_scripts/train_test_split.py
      hash: md5
      md5: 39aa0bd743e5b19c35f7e781c237832c
      size: 1430
    params:
      params.yaml:
        split.seed: 42
        split.split_ratio: 0.3
    outs:
    - path: data/stage3
      hash: md5
      md5: 31237ba2b3a9dbd44d5c49ea943ee0fa.dir
      size: 2785241
      nfiles: 2
  train:
    cmd: python3 scripts/model_scripts/dt.py data/stage3/train.csv model.pkl
    deps:
    - path: data/stage3/train.csv
      hash: md5
      md5: cf2eaefbf54062341c45fa55d7526632
      size: 1947654
    - path: scripts/model_scripts/dt.py
      hash: md5
      md5: f6378a7b4f73ce09437fa79b54562d58
      size: 1111
    params:
      params.yaml:
        train.neighbours: 11
        train.seed: 42
    outs:
    - path: models/model.pkl
      hash: md5
      md5: 432db63afa265b0bafc019e0704b0b27
      size: 1378796
  evaluate:
    cmd: python3 scripts/model_scripts/evaluate.py data/stage3/test.csv models/model.pkl
    deps:
    - path: data/stage3/test.csv
      hash: md5
      md5: 4059c75addc0c1d4ddecb38b29fa918a
      size: 837587
    - path: models/model.pkl
      hash: md5
      md5: 432db63afa265b0bafc019e0704b0b27
      size: 1378796
    - path: scripts/model_scripts/evaluate.py
      hash: md5
      md5: 1a36aa04a432523d8d3d2315949c504f
      size: 924
    outs:
    - path: evaluate/score.json
      hash: md5
      md5: 4bb41b46dfc66c63e73e55ac9df4f047
      size: 29
